
Microsoft Visual Studio Solution File, Format Version 12.00
# Visual Studio Version 17
VisualStudioVersion = 17.0.31903.59
MinimumVisualStudioVersion = 10.0.40219.1
Project("{FAE04EC0-301F-11D3-BF4B-00C04F79EFBC}") = "web-app", "web-app\web-app.csproj", "{4F2920F2-C01F-4135-8376-DEC438A9E842}"
EndProject
Global
	GlobalSection(SolutionConfigurationPlatforms) = preSolution
		Debug|Any CPU = Debug|Any CPU
		Release|Any CPU = Release|Any CPU
	EndGlobalSection
	GlobalSection(SolutionProperties) = preSolution
		HideSolutionNode = FALSE
	EndGlobalSection
	GlobalSection(ProjectConfigurationPlatforms) = postSolution
		{4F2920F2-C01F-4135-8376-DEC438A9E842}.Debug|Any CPU.ActiveCfg = Debug|Any CPU
		{4F2920F2-C01F-4135-8376-DEC438A9E842}.Debug|Any CPU.Build.0 = Debug|Any CPU
		{4F2920F2-C01F-4135-8376-DEC438A9E842}.Release|Any CPU.ActiveCfg = Release|Any CPU
		{4F2920F2-C01F-4135-8376-DEC438A9E842}.Release|Any CPU.Build.0 = Release|Any CPU
	EndGlobalSection
EndGlobal
